# THIS IS AN AUTOGENERATED FILE. DO NOT EDIT THIS FILE DIRECTLY.
# yarn lockfile v1


"@hookform/resolvers@^1.3.7":
  version "1.3.7"
  resolved "https://registry.npmjs.org/@hookform/resolvers/-/resolvers-1.3.7.tgz"
  integrity sha512-gC06h1hky7gM31UO4Y7DrUQjgZyNIKA3s0/TxXbdeurwhOj07l8Zx8Pomjt93ANOKoZOU2rcHKaZtrEJx1w7tg==

react-hook-form@^7.55.0, react-hook-form@>=6.6.0:
  version "7.55.0"
  resolved "https://registry.npmjs.org/react-hook-form/-/react-hook-form-7.55.0.tgz"
  integrity sha512-XRnjsH3GVMQz1moZTW53MxfoWN7aDpUg/GpVNc4A3eXRVNdGXfbzJ4vM4aLQ8g6XCUh1nIbx70aaNCl7kxnjog==

"react@^16.8.0 || ^17 || ^18 || ^19":
  version "19.1.0"
  resolved "https://registry.npmjs.org/react/-/react-19.1.0.tgz"
  integrity sha512-FS+XFBNvn3GTAWq26joslQgWNoFu08F4kl0J4CgdNKADkdSGXQyTCnKteIAJy96Br6YbpEU1LSzV5dYtjMkMDg==

zod@^3.24.3:
  version "3.24.3"
  resolved "https://registry.npmjs.org/zod/-/zod-3.24.3.tgz"
  integrity sha512-HhY1oqzWCQWuUqvBFnsyrtZRhyPeR7SUGv+C4+MsisMuVfSPx8HpwWqH8tRahSlt6M3PiFAcoeFhZAqIXTxoSg==
